[[package]]
name = "beautifulsoup4"
version = "4.9.3"
description = "Screen-scraping library"
category = "main"
optional = false
python-versions = "*"

[package.dependencies]
soupsieve = {version = ">1.2", markers = "python_version >= \"3.0\""}

[package.extras]
html5lib = ["html5lib"]
lxml = ["lxml"]

[[package]]
name = "chardet"
version = "4.0.0"
description = "Universal encoding detector for Python 2 and 3"
category = "main"
optional = false
python-versions = ">=2.7, !=3.0.*, !=3.1.*, !=3.2.*, !=3.3.*, !=3.4.*"

[[package]]
name = "cityhash"
version = "0.2.3.post9"
description = "Python-bindings for CityHash, a fast non-cryptographic hash algorithm"
category = "main"
optional = false
python-versions = "*"

[[package]]
name = "colorama"
version = "0.4.4"
description = "Cross-platform colored terminal text."
category = "main"
optional = false
python-versions = ">=2.7, !=3.0.*, !=3.1.*, !=3.2.*, !=3.3.*, !=3.4.*"

[[package]]
name = "decorator"
version = "4.4.2"
description = "Decorators for Humans"
category = "main"
optional = false
python-versions = ">=2.6, !=3.0.*, !=3.1.*"

[[package]]
name = "fastnumbers"
version = "3.1.0"
description = "Super-fast and clean conversions to numbers."
category = "main"
optional = false
python-versions = ">=3.5"

[[package]]
name = "isodate"
version = "0.6.0"
description = "An ISO 8601 date/time/duration parser and formatter"
category = "main"
optional = false
python-versions = "*"

[package.dependencies]
six = "*"

[[package]]
name = "loguru"
version = "0.5.3"
description = "Python logging made (stupidly) simple"
category = "main"
optional = false
python-versions = ">=3.5"

[package.dependencies]
colorama = {version = ">=0.3.4", markers = "sys_platform == \"win32\""}
win32-setctime = {version = ">=1.0.0", markers = "sys_platform == \"win32\""}

[package.extras]
dev = ["codecov (>=2.0.15)", "colorama (>=0.3.4)", "flake8 (>=3.7.7)", "tox (>=3.9.0)", "tox-travis (>=0.12)", "pytest (>=4.6.2)", "pytest-cov (>=2.7.1)", "Sphinx (>=2.2.1)", "sphinx-autobuild (>=0.7.1)", "sphinx-rtd-theme (>=0.4.3)", "black (>=19.10b0)", "isort (>=5.1.1)"]

[[package]]
name = "networkx"
version = "2.5.1"
description = "Python package for creating and manipulating graphs and networks"
category = "main"
optional = false
python-versions = ">=3.6"

[package.dependencies]
decorator = ">=4.3,<5"

[package.extras]
all = ["numpy", "scipy", "pandas", "matplotlib", "pygraphviz", "pydot", "pyyaml", "lxml", "pytest"]
gdal = ["gdal"]
lxml = ["lxml"]
matplotlib = ["matplotlib"]
numpy = ["numpy"]
pandas = ["pandas"]
pydot = ["pydot"]
pygraphviz = ["pygraphviz"]
pytest = ["pytest"]
pyyaml = ["pyyaml"]
scipy = ["scipy"]

[[package]]
name = "numpy"
version = "1.20.3"
description = "NumPy is the fundamental package for array computing with Python."
category = "main"
optional = false
python-versions = ">=3.7"

[[package]]
name = "orjson"
version = "3.5.2"
description = "Fast, correct Python JSON library supporting dataclasses, datetimes, and numpy"
category = "main"
optional = false
python-versions = ">=3.6"

[[package]]
name = "py4j"
version = "0.10.9"
description = "Enables Python programs to dynamically access arbitrary Java objects"
category = "main"
optional = false
python-versions = "*"

[[package]]
name = "pyparsing"
version = "2.4.7"
description = "Python parsing module"
category = "main"
optional = false
python-versions = ">=2.6, !=3.0.*, !=3.1.*, !=3.2.*"

[[package]]
name = "pyspark"
version = "3.0.1"
description = "Apache Spark Python API"
category = "main"
optional = false
python-versions = "*"

[package.dependencies]
py4j = "0.10.9"

[package.extras]
ml = ["numpy (>=1.7)"]
mllib = ["numpy (>=1.7)"]
sql = ["pandas (>=0.23.2)", "pyarrow (>=0.15.1)"]

[[package]]
name = "python-dotenv"
version = "0.17.1"
description = "Read key-value pairs from a .env file and set them as environment variables"
category = "dev"
optional = false
python-versions = "*"

[package.extras]
cli = ["click (>=5.0)"]

[[package]]
name = "rdflib"
version = "5.0.0"
description = "RDFLib is a Python library for working with RDF, a simple yet powerful language for representing information."
category = "main"
optional = false
python-versions = "*"

[package.dependencies]
isodate = "*"
pyparsing = "*"
six = "*"

[package.extras]
docs = ["sphinx (<3)", "sphinxcontrib-apidoc"]
html = ["html5lib"]
sparql = ["requests"]
tests = ["html5lib", "networkx", "nose", "doctest-ignore-unicode"]

[[package]]
name = "redis"
version = "3.5.3"
description = "Python client for Redis key-value store"
category = "main"
optional = false
python-versions = ">=2.7, !=3.0.*, !=3.1.*, !=3.2.*, !=3.3.*, !=3.4.*"

[package.extras]
hiredis = ["hiredis (>=0.1.3)"]

[[package]]
name = "rocksdb"
version = "0.7.0"
description = "Python bindings for RocksDB"
category = "main"
optional = false
python-versions = "*"

[package.extras]
doc = ["sphinx-rtd-theme", "sphinx"]
test = ["pytest"]

[[package]]
name = "ruamel.yaml"
version = "0.17.4"
description = "ruamel.yaml is a YAML parser/emitter that supports roundtrip preservation of comments, seq/map flow style, and map key order"
category = "main"
optional = false
python-versions = ">=3"

[package.dependencies]
"ruamel.yaml.clib" = {version = ">=0.1.2", markers = "platform_python_implementation == \"CPython\" and python_version < \"3.10\""}

[package.extras]
docs = ["ryd"]
jinja2 = ["ruamel.yaml.jinja2 (>=0.2)"]

[[package]]
name = "ruamel.yaml.clib"
version = "0.2.2"
description = "C version of reader, parser and emitter for ruamel.yaml derived from libyaml"
category = "main"
optional = false
python-versions = "*"

[[package]]
name = "six"
version = "1.16.0"
description = "Python 2 and 3 compatibility utilities"
category = "main"
optional = false
python-versions = ">=2.7, !=3.0.*, !=3.1.*, !=3.2.*"

[[package]]
name = "soupsieve"
version = "2.2.1"
description = "A modern CSS selector implementation for Beautiful Soup."
category = "main"
optional = false
python-versions = ">=3.6"

[[package]]
name = "tqdm"
version = "4.60.0"
description = "Fast, Extensible Progress Meter"
category = "main"
optional = false
python-versions = "!=3.0.*,!=3.1.*,!=3.2.*,!=3.3.*,>=2.7"

[package.extras]
dev = ["py-make (>=0.1.0)", "twine", "wheel"]
notebook = ["ipywidgets (>=6)"]
telegram = ["requests"]

[[package]]
name = "ujson"
version = "4.0.2"
description = "Ultra fast JSON encoder and decoder for Python"
category = "main"
optional = false
python-versions = ">=3.6"

[[package]]
name = "win32-setctime"
version = "1.0.3"
description = "A small Python utility to set file creation time on Windows"
category = "main"
optional = false
python-versions = ">=3.5"

[package.extras]
dev = ["pytest (>=4.6.2)", "black (>=19.3b0)"]

[metadata]
lock-version = "1.1"
python-versions = "^3.8"
content-hash = "68fb985a91a1703eb3d7896218f6b2e99a584649ab4ca4dcac1d0feb3e48f4da"

[metadata.files]
beautifulsoup4 = [
    {file = "beautifulsoup4-4.9.3-py2-none-any.whl", hash = "sha256:4c98143716ef1cb40bf7f39a8e3eec8f8b009509e74904ba3a7b315431577e35"},
    {file = "beautifulsoup4-4.9.3-py3-none-any.whl", hash = "sha256:fff47e031e34ec82bf17e00da8f592fe7de69aeea38be00523c04623c04fb666"},
    {file = "beautifulsoup4-4.9.3.tar.gz", hash = "sha256:84729e322ad1d5b4d25f805bfa05b902dd96450f43842c4e99067d5e1369eb25"},
]
chardet = [
    {file = "chardet-4.0.0-py2.py3-none-any.whl", hash = "sha256:f864054d66fd9118f2e67044ac8981a54775ec5b67aed0441892edb553d21da5"},
    {file = "chardet-4.0.0.tar.gz", hash = "sha256:0d6f53a15db4120f2b08c94f11e7d93d2c911ee118b6b30a04ec3ee8310179fa"},
]
cityhash = [
    {file = "cityhash-0.2.3.post9.tar.gz", hash = "sha256:aa8919c00e8d8699df42dd788eda4f24ad13086ea9d83407fd7da4a0206d9d18"},
]
colorama = [
    {file = "colorama-0.4.4-py2.py3-none-any.whl", hash = "sha256:9f47eda37229f68eee03b24b9748937c7dc3868f906e8ba69fbcbdd3bc5dc3e2"},
    {file = "colorama-0.4.4.tar.gz", hash = "sha256:5941b2b48a20143d2267e95b1c2a7603ce057ee39fd88e7329b0c292aa16869b"},
]
decorator = [
    {file = "decorator-4.4.2-py2.py3-none-any.whl", hash = "sha256:41fa54c2a0cc4ba648be4fd43cff00aedf5b9465c9bf18d64325bc225f08f760"},
    {file = "decorator-4.4.2.tar.gz", hash = "sha256:e3a62f0520172440ca0dcc823749319382e377f37f140a0b99ef45fecb84bfe7"},
]
fastnumbers = [
    {file = "fastnumbers-3.1.0-cp35-cp35m-manylinux1_i686.whl", hash = "sha256:19e16a6066bc06d21710cf99d4881af0a4384e391d939bf9eca4f12bdb3d2383"},
    {file = "fastnumbers-3.1.0-cp35-cp35m-manylinux1_x86_64.whl", hash = "sha256:7bdc1516492b9c291bd599b82d601dc93f19b4a92ef8ac8a7243a43c21682f28"},
    {file = "fastnumbers-3.1.0-cp35-cp35m-manylinux2010_i686.whl", hash = "sha256:c164a0a37983b278ea2d86f14d64e981963efb0dc39ae26ea00d91cb684f4f90"},
    {file = "fastnumbers-3.1.0-cp35-cp35m-manylinux2010_x86_64.whl", hash = "sha256:c0918f006de187590e8717cae8bfc0f7133c3d42c639e95ede2052a6c8be2348"},
    {file = "fastnumbers-3.1.0-cp35-cp35m-win32.whl", hash = "sha256:cd14ac3c9917ad50dfcb393739830a7da2315fcc740039b75c28d02630d343df"},
    {file = "fastnumbers-3.1.0-cp35-cp35m-win_amd64.whl", hash = "sha256:2ae191a5bfbac7170d2b9038667d739aa6c4fc84a3ad2a32f0714544995d33d9"},
    {file = "fastnumbers-3.1.0-cp36-cp36m-manylinux1_i686.whl", hash = "sha256:a833da85291c480e94b3ab6b80cebf6960136ebe7f35e3875d1dee94165e348b"},
    {file = "fastnumbers-3.1.0-cp36-cp36m-manylinux1_x86_64.whl", hash = "sha256:962b91dc05f09b86b31c709852d51cf0fde220722b5f561f5e08e1410faaccb2"},
    {file = "fastnumbers-3.1.0-cp36-cp36m-manylinux2010_i686.whl", hash = "sha256:b12416e487cb27408745204baad48858d0c46bea317e403654c1e3cba76e9e4e"},
    {file = "fastnumbers-3.1.0-cp36-cp36m-manylinux2010_x86_64.whl", hash = "sha256:ff346146c546f421084358b26e70112aa6ee41946d67d8b19237beeb58b76f36"},
    {file = "fastnumbers-3.1.0-cp36-cp36m-win32.whl", hash = "sha256:44ae9cff6df880e56219c3169718d3a92f18c839e688809c0136d49780aa00d1"},
    {file = "fastnumbers-3.1.0-cp36-cp36m-win_amd64.whl", hash = "sha256:f282072f7ee47f2211afbf437f13b56d1cdb36bef34c4c3b5537071534e8134a"},
    {file = "fastnumbers-3.1.0-cp37-cp37m-manylinux1_i686.whl", hash = "sha256:209792d02be613f59e58b68af733f9ddd80bf69945f1e28969d476f84dcf6752"},
    {file = "fastnumbers-3.1.0-cp37-cp37m-manylinux1_x86_64.whl", hash = "sha256:9843edacf97749b1bcd8b65d5a3fc99ae61da619f384882d783f6bec19f7f0e6"},
    {file = "fastnumbers-3.1.0-cp37-cp37m-manylinux2010_i686.whl", hash = "sha256:864dd02f84e00228861f28c8a2ffcbe1ac82c98e21315381bf8e1620dca894b9"},
    {file = "fastnumbers-3.1.0-cp37-cp37m-manylinux2010_x86_64.whl", hash = "sha256:0e39daa871868b032939df5b021c473b8a3bdf30ff06a39a89d88230b833c4e5"},
    {file = "fastnumbers-3.1.0-cp37-cp37m-win32.whl", hash = "sha256:e97f89f342c9814ed1091eea4eec9ccdbe91d30fd607e27c6db9d534b4e4ecb2"},
    {file = "fastnumbers-3.1.0-cp37-cp37m-win_amd64.whl", hash = "sha256:6b3a8a9d64088f2f6d2461c2e490ccff2b2fe1243f567d5fd8ee09a8b6e16579"},
    {file = "fastnumbers-3.1.0-cp38-cp38-manylinux1_i686.whl", hash = "sha256:6bbec8e6f747c1b43a638f9537809d0f01fc55f70087574e7207ca7526067d0a"},
    {file = "fastnumbers-3.1.0-cp38-cp38-manylinux1_x86_64.whl", hash = "sha256:a338f4850c8bdf3b6a6e268dda215dc20e248a8e6d06da337c89dcd1747552d2"},
    {file = "fastnumbers-3.1.0-cp38-cp38-manylinux2010_i686.whl", hash = "sha256:26601cdcc65a583571b7b4b7827aedbf3114f1d20f674764c1c768bc63b2d06b"},
    {file = "fastnumbers-3.1.0-cp38-cp38-manylinux2010_x86_64.whl", hash = "sha256:61a1845c5aa7b3108451930e808167811e674d5cd50b2021e7d6d1c94b7c1534"},
    {file = "fastnumbers-3.1.0-cp38-cp38-win32.whl", hash = "sha256:01b0e4f99cbf50ba46aeb5ae464832353a50bb04e56a37b15287855e2d45a848"},
    {file = "fastnumbers-3.1.0-cp38-cp38-win_amd64.whl", hash = "sha256:e16c2870d8034b0a2dd3190659f19eb905d3c0d634a8a1bce6c331e9bef181d2"},
    {file = "fastnumbers-3.1.0-cp39-cp39-manylinux1_i686.whl", hash = "sha256:d7e02b949f08b46c63c340d96aba28d9727d92ad938324696fa5a2726d376a4c"},
    {file = "fastnumbers-3.1.0-cp39-cp39-manylinux1_x86_64.whl", hash = "sha256:826032270aa20b1119892e2399563d0361053be11d6628fe138bde8de6ab3794"},
    {file = "fastnumbers-3.1.0-cp39-cp39-manylinux2010_i686.whl", hash = "sha256:299dec0125e361f6c13863d9bc9bd8daea72831e38c7e9d52d9f3ee124979a09"},
    {file = "fastnumbers-3.1.0-cp39-cp39-manylinux2010_x86_64.whl", hash = "sha256:c0d015edcf75a9c5192d745747f68f3a3616d5212d4a6571012fc3c09d7d54c7"},
    {file = "fastnumbers-3.1.0-cp39-cp39-win32.whl", hash = "sha256:2cc01ecd5fa093a2ce842dce05b7eb2eb53c061b680460aaa9b52be8d2fe9e8f"},
    {file = "fastnumbers-3.1.0-cp39-cp39-win_amd64.whl", hash = "sha256:66f402fc2126c9241e44b6b65779f42938d93c2f5f3459486013833d92bc5168"},
    {file = "fastnumbers-3.1.0.tar.gz", hash = "sha256:7cc4f96981ccd3cf212b6ea7b84ef621620b62da8b454f420aa2e81c8529e68f"},
]
isodate = [
    {file = "isodate-0.6.0-py2.py3-none-any.whl", hash = "sha256:aa4d33c06640f5352aca96e4b81afd8ab3b47337cc12089822d6f322ac772c81"},
    {file = "isodate-0.6.0.tar.gz", hash = "sha256:2e364a3d5759479cdb2d37cce6b9376ea504db2ff90252a2e5b7cc89cc9ff2d8"},
]
loguru = [
    {file = "loguru-0.5.3-py3-none-any.whl", hash = "sha256:f8087ac396b5ee5f67c963b495d615ebbceac2796379599820e324419d53667c"},
    {file = "loguru-0.5.3.tar.gz", hash = "sha256:b28e72ac7a98be3d28ad28570299a393dfcd32e5e3f6a353dec94675767b6319"},
]
networkx = [
    {file = "networkx-2.5.1-py3-none-any.whl", hash = "sha256:0635858ed7e989f4c574c2328380b452df892ae85084144c73d8cd819f0c4e06"},
    {file = "networkx-2.5.1.tar.gz", hash = "sha256:109cd585cac41297f71103c3c42ac6ef7379f29788eb54cb751be5a663bb235a"},
]
numpy = [
    {file = "numpy-1.20.3-cp37-cp37m-macosx_10_9_x86_64.whl", hash = "sha256:70eb5808127284c4e5c9e836208e09d685a7978b6a216db85960b1a112eeace8"},
    {file = "numpy-1.20.3-cp37-cp37m-manylinux_2_12_i686.manylinux2010_i686.whl", hash = "sha256:6ca2b85a5997dabc38301a22ee43c82adcb53ff660b89ee88dded6b33687e1d8"},
    {file = "numpy-1.20.3-cp37-cp37m-manylinux_2_12_x86_64.manylinux2010_x86_64.whl", hash = "sha256:c5bf0e132acf7557fc9bb8ded8b53bbbbea8892f3c9a1738205878ca9434206a"},
    {file = "numpy-1.20.3-cp37-cp37m-manylinux_2_17_aarch64.manylinux2014_aarch64.whl", hash = "sha256:db250fd3e90117e0312b611574cd1b3f78bec046783195075cbd7ba9c3d73f16"},
    {file = "numpy-1.20.3-cp37-cp37m-manylinux_2_5_i686.manylinux1_i686.whl", hash = "sha256:637d827248f447e63585ca3f4a7d2dfaa882e094df6cfa177cc9cf9cd6cdf6d2"},
    {file = "numpy-1.20.3-cp37-cp37m-manylinux_2_5_x86_64.manylinux1_x86_64.whl", hash = "sha256:8b7bb4b9280da3b2856cb1fc425932f46fba609819ee1c62256f61799e6a51d2"},
    {file = "numpy-1.20.3-cp37-cp37m-win32.whl", hash = "sha256:67d44acb72c31a97a3d5d33d103ab06d8ac20770e1c5ad81bdb3f0c086a56cf6"},
    {file = "numpy-1.20.3-cp37-cp37m-win_amd64.whl", hash = "sha256:43909c8bb289c382170e0282158a38cf306a8ad2ff6dfadc447e90f9961bef43"},
    {file = "numpy-1.20.3-cp38-cp38-macosx_10_9_x86_64.whl", hash = "sha256:f1452578d0516283c87608a5a5548b0cdde15b99650efdfd85182102ef7a7c17"},
    {file = "numpy-1.20.3-cp38-cp38-manylinux_2_12_i686.manylinux2010_i686.whl", hash = "sha256:6e51534e78d14b4a009a062641f465cfaba4fdcb046c3ac0b1f61dd97c861b1b"},
    {file = "numpy-1.20.3-cp38-cp38-manylinux_2_12_x86_64.manylinux2010_x86_64.whl", hash = "sha256:e515c9a93aebe27166ec9593411c58494fa98e5fcc219e47260d9ab8a1cc7f9f"},
    {file = "numpy-1.20.3-cp38-cp38-manylinux_2_17_aarch64.manylinux2014_aarch64.whl", hash = "sha256:c1c09247ccea742525bdb5f4b5ceeacb34f95731647fe55774aa36557dbb5fa4"},
    {file = "numpy-1.20.3-cp38-cp38-manylinux_2_5_i686.manylinux1_i686.whl", hash = "sha256:66fbc6fed94a13b9801fb70b96ff30605ab0a123e775a5e7a26938b717c5d71a"},
    {file = "numpy-1.20.3-cp38-cp38-manylinux_2_5_x86_64.manylinux1_x86_64.whl", hash = "sha256:ea9cff01e75a956dbee133fa8e5b68f2f92175233de2f88de3a682dd94deda65"},
    {file = "numpy-1.20.3-cp38-cp38-win32.whl", hash = "sha256:f39a995e47cb8649673cfa0579fbdd1cdd33ea497d1728a6cb194d6252268e48"},
    {file = "numpy-1.20.3-cp38-cp38-win_amd64.whl", hash = "sha256:1676b0a292dd3c99e49305a16d7a9f42a4ab60ec522eac0d3dd20cdf362ac010"},
    {file = "numpy-1.20.3-cp39-cp39-macosx_10_9_x86_64.whl", hash = "sha256:830b044f4e64a76ba71448fce6e604c0fc47a0e54d8f6467be23749ac2cbd2fb"},
    {file = "numpy-1.20.3-cp39-cp39-manylinux_2_12_i686.manylinux2010_i686.whl", hash = "sha256:55b745fca0a5ab738647d0e4db099bd0a23279c32b31a783ad2ccea729e632df"},
    {file = "numpy-1.20.3-cp39-cp39-manylinux_2_12_x86_64.manylinux2010_x86_64.whl", hash = "sha256:5d050e1e4bc9ddb8656d7b4f414557720ddcca23a5b88dd7cff65e847864c400"},
    {file = "numpy-1.20.3-cp39-cp39-manylinux_2_17_aarch64.manylinux2014_aarch64.whl", hash = "sha256:a9c65473ebc342715cb2d7926ff1e202c26376c0dcaaee85a1fd4b8d8c1d3b2f"},
    {file = "numpy-1.20.3-cp39-cp39-win32.whl", hash = "sha256:16f221035e8bd19b9dc9a57159e38d2dd060b48e93e1d843c49cb370b0f415fd"},
    {file = "numpy-1.20.3-cp39-cp39-win_amd64.whl", hash = "sha256:6690080810f77485667bfbff4f69d717c3be25e5b11bb2073e76bb3f578d99b4"},
    {file = "numpy-1.20.3-pp37-pypy37_pp73-manylinux_2_12_x86_64.manylinux2010_x86_64.whl", hash = "sha256:4e465afc3b96dbc80cf4a5273e5e2b1e3451286361b4af70ce1adb2984d392f9"},
    {file = "numpy-1.20.3.zip", hash = "sha256:e55185e51b18d788e49fe8305fd73ef4470596b33fc2c1ceb304566b99c71a69"},
]
orjson = [
    {file = "orjson-3.5.2-cp310-cp310-manylinux2014_aarch64.whl", hash = "sha256:2ba4165883fbef0985bce60bddbf91bc5cea77cc22b1c12fe7a716c6323ab1e7"},
    {file = "orjson-3.5.2-cp310-cp310-manylinux2014_x86_64.whl", hash = "sha256:cee746d186ba9efa47b9d52a649ee0617456a9a4d7a2cbd3ec06330bb9cb372a"},
    {file = "orjson-3.5.2-cp36-cp36m-macosx_10_7_x86_64.whl", hash = "sha256:8591a25a31a89cf2a33e30eb516ab028bad2c72fed04e323917114aaedc07c7d"},
    {file = "orjson-3.5.2-cp36-cp36m-macosx_10_9_universal2.whl", hash = "sha256:38cb8cdbf43eafc6dcbfb10a9e63c80727bb916aee0f75caf5f90e5355b266e1"},
    {file = "orjson-3.5.2-cp36-cp36m-manylinux2014_aarch64.whl", hash = "sha256:96b403796fc7e44bae843a2a83923925fe048f3a67c10a298fdfc0ff46163c14"},
    {file = "orjson-3.5.2-cp36-cp36m-manylinux2014_x86_64.whl", hash = "sha256:5b66a62d4c0c44441b23fafcd3d0892296d9793361b14bcc5a5645c88b6a4a71"},
    {file = "orjson-3.5.2-cp36-none-win_amd64.whl", hash = "sha256:609e93919268fadb871aafb7f550c3fe8d3e8c1305cadcc1610b414113b7034e"},
    {file = "orjson-3.5.2-cp37-cp37m-macosx_10_7_x86_64.whl", hash = "sha256:200bd4491052d13696456a92d23f086b68b526c2464248733964e8165ac60888"},
    {file = "orjson-3.5.2-cp37-cp37m-macosx_10_9_universal2.whl", hash = "sha256:cc614bf6bfe0181e51dd98a9c53669f08d4d8641efbf1a287113da3059773dea"},
    {file = "orjson-3.5.2-cp37-cp37m-manylinux2014_aarch64.whl", hash = "sha256:43576bed3be300e9c02629a8d5fb3340fe6474765e6eee9610067def4b3ac19c"},
    {file = "orjson-3.5.2-cp37-cp37m-manylinux2014_x86_64.whl", hash = "sha256:acd735718b531b78858a7e932c58424c5a3e39e04d61bba3d95ce8a8498ea9e9"},
    {file = "orjson-3.5.2-cp37-none-win_amd64.whl", hash = "sha256:7503145ffd1ae90d487860b97e2867ec61c2c8f001209bb12700ba7833df8ddf"},
    {file = "orjson-3.5.2-cp38-cp38-macosx_10_7_x86_64.whl", hash = "sha256:9c37cf3dbc9c81abed04ba4854454e9f0d8ac7c05fb6c4f36545733e90be6af2"},
    {file = "orjson-3.5.2-cp38-cp38-macosx_10_9_universal2.whl", hash = "sha256:8e6ef00ddc637b7d13926aaccdabac363efdfd348c132410eb054c27e2eae6a7"},
    {file = "orjson-3.5.2-cp38-cp38-manylinux2014_aarch64.whl", hash = "sha256:9d0834ca40c6e467fa1f1db3f83a8c3562c03eb2b7067ad09de5019592edb88f"},
    {file = "orjson-3.5.2-cp38-cp38-manylinux2014_x86_64.whl", hash = "sha256:d4a2ddc6342a8280dafaa69827b387b95856ef0a6c5812fe91f5bd21ddd2ef36"},
    {file = "orjson-3.5.2-cp38-none-win_amd64.whl", hash = "sha256:f54f8bcf24812a524e8904a80a365f7a287d82fc6ebdee528149616070abe5ab"},
    {file = "orjson-3.5.2-cp39-cp39-macosx_10_7_x86_64.whl", hash = "sha256:8b429471398ea37d848fb53bca6a8c42fb776c278f4fcb6a1d651b8f1fb64947"},
    {file = "orjson-3.5.2-cp39-cp39-macosx_10_9_universal2.whl", hash = "sha256:13fd458110fbe019c2a67ee539678189444f73bc09b27983c9b42663c63e0445"},
    {file = "orjson-3.5.2-cp39-cp39-manylinux2014_aarch64.whl", hash = "sha256:8bf1145a06e1245f0c8a8c32df6ffe52d214eb4eb88c3fb32e4ed14e3dc38e0e"},
    {file = "orjson-3.5.2-cp39-cp39-manylinux2014_x86_64.whl", hash = "sha256:7e3434010e3f0680e92bb0a6094e4d5c939d0c4258c76397c6bd5263c7d62e86"},
    {file = "orjson-3.5.2-cp39-none-win_amd64.whl", hash = "sha256:df9730cc8cd22b3f54aa55317257f3279e6300157fc0f4ed4424586cd7eb012d"},
    {file = "orjson-3.5.2.tar.gz", hash = "sha256:f385253a6ddac37ea422ec2c0d35772b4f5bf0dc0803ce44543bf7e530423ef8"},
]
py4j = [
    {file = "py4j-0.10.9-py2.py3-none-any.whl", hash = "sha256:859ba728a7bb43e9c2bf058832759fb97a598bb28cc12f34f5fc4abdec08ede6"},
    {file = "py4j-0.10.9.tar.gz", hash = "sha256:36ec57f43ff8ced260a18aa9a4e46c3500a730cac8860e259cbaa546c2b9db2f"},
]
pyparsing = [
    {file = "pyparsing-2.4.7-py2.py3-none-any.whl", hash = "sha256:ef9d7589ef3c200abe66653d3f1ab1033c3c419ae9b9bdb1240a85b024efc88b"},
    {file = "pyparsing-2.4.7.tar.gz", hash = "sha256:c203ec8783bf771a155b207279b9bccb8dea02d8f0c9e5f8ead507bc3246ecc1"},
]
pyspark = [
    {file = "pyspark-3.0.1.tar.gz", hash = "sha256:38b485d3634a86c9a2923c39c8f08f003fdd0e0a3d7f07114b2fb4392ce60479"},
]
python-dotenv = [
    {file = "python-dotenv-0.17.1.tar.gz", hash = "sha256:b1ae5e9643d5ed987fc57cc2583021e38db531946518130777734f9589b3141f"},
    {file = "python_dotenv-0.17.1-py2.py3-none-any.whl", hash = "sha256:00aa34e92d992e9f8383730816359647f358f4a3be1ba45e5a5cefd27ee91544"},
]
rdflib = [
    {file = "rdflib-5.0.0-py3-none-any.whl", hash = "sha256:88208ea971a87886d60ae2b1a4b2cdc263527af0454c422118d43fe64b357877"},
    {file = "rdflib-5.0.0.tar.gz", hash = "sha256:78149dd49d385efec3b3adfbd61c87afaf1281c30d3fcaf1b323b34f603fb155"},
]
redis = [
    {file = "redis-3.5.3-py2.py3-none-any.whl", hash = "sha256:432b788c4530cfe16d8d943a09d40ca6c16149727e4afe8c2c9d5580c59d9f24"},
    {file = "redis-3.5.3.tar.gz", hash = "sha256:0e7e0cfca8660dea8b7d5cd8c4f6c5e29e11f31158c0b0ae91a397f00e5a05a2"},
]
rocksdb = [
    {file = "rocksdb-0.7.0-cp37-cp37m-manylinux2010_x86_64.whl", hash = "sha256:3f78c5ba0659489e4653b8318eceaa803533c29fc7b4d9585514c7a071bc91ee"},
    {file = "rocksdb-0.7.0-cp38-cp38-manylinux2010_x86_64.whl", hash = "sha256:6f89999367e79e40a9e45e69676b5672e491652d35c0062b26ee7f61303e9378"},
    {file = "rocksdb-0.7.0.tar.gz", hash = "sha256:27c366d7e6e9058eb47aeae607671544cc63a4413abd2035aad82a674dbf9f84"},
]
"ruamel.yaml" = [
    {file = "ruamel.yaml-0.17.4-py3-none-any.whl", hash = "sha256:ac79fb25f5476e8e9ed1c53b8a2286d2c3f5dde49eb37dbcee5c7eb6a8415a22"},
    {file = "ruamel.yaml-0.17.4.tar.gz", hash = "sha256:44bc6b54fddd45e4bc0619059196679f9e8b79c027f4131bb072e6a22f4d5e28"},
]
"ruamel.yaml.clib" = [
    {file = "ruamel.yaml.clib-0.2.2-cp27-cp27m-macosx_10_9_x86_64.whl", hash = "sha256:28116f204103cb3a108dfd37668f20abe6e3cafd0d3fd40dba126c732457b3cc"},
    {file = "ruamel.yaml.clib-0.2.2-cp27-cp27m-manylinux1_x86_64.whl", hash = "sha256:daf21aa33ee9b351f66deed30a3d450ab55c14242cfdfcd377798e2c0d25c9f1"},
    {file = "ruamel.yaml.clib-0.2.2-cp27-cp27m-win32.whl", hash = "sha256:30dca9bbcbb1cc858717438218d11eafb78666759e5094dd767468c0d577a7e7"},
    {file = "ruamel.yaml.clib-0.2.2-cp27-cp27m-win_amd64.whl", hash = "sha256:f6061a31880c1ed6b6ce341215336e2f3d0c1deccd84957b6fa8ca474b41e89f"},
    {file = "ruamel.yaml.clib-0.2.2-cp27-cp27mu-manylinux1_x86_64.whl", hash = "sha256:73b3d43e04cc4b228fa6fa5d796409ece6fcb53a6c270eb2048109cbcbc3b9c2"},
    {file = "ruamel.yaml.clib-0.2.2-cp35-cp35m-macosx_10_6_intel.whl", hash = "sha256:53b9dd1abd70e257a6e32f934ebc482dac5edb8c93e23deb663eac724c30b026"},
    {file = "ruamel.yaml.clib-0.2.2-cp35-cp35m-manylinux1_x86_64.whl", hash = "sha256:839dd72545ef7ba78fd2aa1a5dd07b33696adf3e68fae7f31327161c1093001b"},
    {file = "ruamel.yaml.clib-0.2.2-cp35-cp35m-manylinux2014_aarch64.whl", hash = "sha256:1236df55e0f73cd138c0eca074ee086136c3f16a97c2ac719032c050f7e0622f"},
    {file = "ruamel.yaml.clib-0.2.2-cp35-cp35m-win32.whl", hash = "sha256:b1e981fe1aff1fd11627f531524826a4dcc1f26c726235a52fcb62ded27d150f"},
    {file = "ruamel.yaml.clib-0.2.2-cp35-cp35m-win_amd64.whl", hash = "sha256:4e52c96ca66de04be42ea2278012a2342d89f5e82b4512fb6fb7134e377e2e62"},
    {file = "ruamel.yaml.clib-0.2.2-cp36-cp36m-macosx_10_9_x86_64.whl", hash = "sha256:a873e4d4954f865dcb60bdc4914af7eaae48fb56b60ed6daa1d6251c72f5337c"},
    {file = "ruamel.yaml.clib-0.2.2-cp36-cp36m-manylinux1_x86_64.whl", hash = "sha256:ab845f1f51f7eb750a78937be9f79baea4a42c7960f5a94dde34e69f3cce1988"},
    {file = "ruamel.yaml.clib-0.2.2-cp36-cp36m-manylinux2014_aarch64.whl", hash = "sha256:2fd336a5c6415c82e2deb40d08c222087febe0aebe520f4d21910629018ab0f3"},
    {file = "ruamel.yaml.clib-0.2.2-cp36-cp36m-win32.whl", hash = "sha256:e9f7d1d8c26a6a12c23421061f9022bb62704e38211fe375c645485f38df34a2"},
    {file = "ruamel.yaml.clib-0.2.2-cp36-cp36m-win_amd64.whl", hash = "sha256:2602e91bd5c1b874d6f93d3086f9830f3e907c543c7672cf293a97c3fabdcd91"},
    {file = "ruamel.yaml.clib-0.2.2-cp37-cp37m-macosx_10_9_x86_64.whl", hash = "sha256:44c7b0498c39f27795224438f1a6be6c5352f82cb887bc33d962c3a3acc00df6"},
    {file = "ruamel.yaml.clib-0.2.2-cp37-cp37m-manylinux1_x86_64.whl", hash = "sha256:8e8fd0a22c9d92af3a34f91e8a2594eeb35cba90ab643c5e0e643567dc8be43e"},
    {file = "ruamel.yaml.clib-0.2.2-cp37-cp37m-manylinux2014_aarch64.whl", hash = "sha256:75f0ee6839532e52a3a53f80ce64925ed4aed697dd3fa890c4c918f3304bd4f4"},
    {file = "ruamel.yaml.clib-0.2.2-cp37-cp37m-win32.whl", hash = "sha256:464e66a04e740d754170be5e740657a3b3b6d2bcc567f0c3437879a6e6087ff6"},
    {file = "ruamel.yaml.clib-0.2.2-cp37-cp37m-win_amd64.whl", hash = "sha256:52ae5739e4b5d6317b52f5b040b1b6639e8af68a5b8fd606a8b08658fbd0cab5"},
    {file = "ruamel.yaml.clib-0.2.2-cp38-cp38-macosx_10_9_x86_64.whl", hash = "sha256:4df5019e7783d14b79217ad9c56edf1ba7485d614ad5a385d1b3c768635c81c0"},
    {file = "ruamel.yaml.clib-0.2.2-cp38-cp38-manylinux1_x86_64.whl", hash = "sha256:5254af7d8bdf4d5484c089f929cb7f5bafa59b4f01d4f48adda4be41e6d29f99"},
    {file = "ruamel.yaml.clib-0.2.2-cp38-cp38-manylinux2014_aarch64.whl", hash = "sha256:8be05be57dc5c7b4a0b24edcaa2f7275866d9c907725226cdde46da09367d923"},
    {file = "ruamel.yaml.clib-0.2.2-cp38-cp38-win32.whl", hash = "sha256:74161d827407f4db9072011adcfb825b5258a5ccb3d2cd518dd6c9edea9e30f1"},
    {file = "ruamel.yaml.clib-0.2.2-cp38-cp38-win_amd64.whl", hash = "sha256:058a1cc3df2a8aecc12f983a48bda99315cebf55a3b3a5463e37bb599b05727b"},
    {file = "ruamel.yaml.clib-0.2.2-cp39-cp39-macosx_10_9_x86_64.whl", hash = "sha256:c6ac7e45367b1317e56f1461719c853fd6825226f45b835df7436bb04031fd8a"},
    {file = "ruamel.yaml.clib-0.2.2-cp39-cp39-manylinux1_x86_64.whl", hash = "sha256:b4b0d31f2052b3f9f9b5327024dc629a253a83d8649d4734ca7f35b60ec3e9e5"},
    {file = "ruamel.yaml.clib-0.2.2-cp39-cp39-manylinux2014_aarch64.whl", hash = "sha256:1f8c0a4577c0e6c99d208de5c4d3fd8aceed9574bb154d7a2b21c16bb924154c"},
    {file = "ruamel.yaml.clib-0.2.2-cp39-cp39-win32.whl", hash = "sha256:46d6d20815064e8bb023ea8628cfb7402c0f0e83de2c2227a88097e239a7dffd"},
    {file = "ruamel.yaml.clib-0.2.2-cp39-cp39-win_amd64.whl", hash = "sha256:6c0a5dc52fc74eb87c67374a4e554d4761fd42a4d01390b7e868b30d21f4b8bb"},
    {file = "ruamel.yaml.clib-0.2.2.tar.gz", hash = "sha256:2d24bd98af676f4990c4d715bcdc2a60b19c56a3fb3a763164d2d8ca0e806ba7"},
]
six = [
    {file = "six-1.16.0-py2.py3-none-any.whl", hash = "sha256:8abb2f1d86890a2dfb989f9a77cfcfd3e47c2a354b01111771326f8aa26e0254"},
    {file = "six-1.16.0.tar.gz", hash = "sha256:1e61c37477a1626458e36f7b1d82aa5c9b094fa4802892072e49de9c60c4c926"},
]
soupsieve = [
    {file = "soupsieve-2.2.1-py3-none-any.whl", hash = "sha256:c2c1c2d44f158cdbddab7824a9af8c4f83c76b1e23e049479aa432feb6c4c23b"},
    {file = "soupsieve-2.2.1.tar.gz", hash = "sha256:052774848f448cf19c7e959adf5566904d525f33a3f8b6ba6f6f8f26ec7de0cc"},
]
tqdm = [
    {file = "tqdm-4.60.0-py2.py3-none-any.whl", hash = "sha256:daec693491c52e9498632dfbe9ccfc4882a557f5fa08982db1b4d3adbe0887c3"},
    {file = "tqdm-4.60.0.tar.gz", hash = "sha256:ebdebdb95e3477ceea267decfc0784859aa3df3e27e22d23b83e9b272bf157ae"},
]
ujson = [
    {file = "ujson-4.0.2-cp36-cp36m-macosx_10_14_x86_64.whl", hash = "sha256:e390df0dcc7897ffb98e17eae1f4c442c39c91814c298ad84d935a3c5c7a32fa"},
    {file = "ujson-4.0.2-cp36-cp36m-manylinux1_i686.whl", hash = "sha256:84b1dca0d53b0a8d58835f72ea2894e4d6cf7a5dd8f520ab4cbd698c81e49737"},
    {file = "ujson-4.0.2-cp36-cp36m-manylinux1_x86_64.whl", hash = "sha256:91396a585ba51f84dc71c8da60cdc86de6b60ba0272c389b6482020a1fac9394"},
    {file = "ujson-4.0.2-cp36-cp36m-manylinux2014_aarch64.whl", hash = "sha256:eb6b25a7670c7537a5998e695fa62ff13c7f9c33faf82927adf4daa460d5f62e"},
    {file = "ujson-4.0.2-cp36-cp36m-win_amd64.whl", hash = "sha256:f8aded54c2bc554ce20b397f72101737dd61ee7b81c771684a7dd7805e6cca0c"},
    {file = "ujson-4.0.2-cp37-cp37m-macosx_10_14_x86_64.whl", hash = "sha256:30962467c36ff6de6161d784cd2a6aac1097f0128b522d6e9291678e34fb2b47"},
    {file = "ujson-4.0.2-cp37-cp37m-manylinux1_i686.whl", hash = "sha256:fc51e545d65689c398161f07fd405104956ec27f22453de85898fa088b2cd4bb"},
    {file = "ujson-4.0.2-cp37-cp37m-manylinux1_x86_64.whl", hash = "sha256:e6e90330670c78e727d6637bb5a215d3e093d8e3570d439fd4922942f88da361"},
    {file = "ujson-4.0.2-cp37-cp37m-manylinux2014_aarch64.whl", hash = "sha256:5e1636b94c7f1f59a8ead4c8a7bab1b12cc52d4c21ababa295ffec56b445fd2a"},
    {file = "ujson-4.0.2-cp37-cp37m-win_amd64.whl", hash = "sha256:e2cadeb0ddc98e3963bea266cc5b884e5d77d73adf807f0bda9eca64d1c509d5"},
    {file = "ujson-4.0.2-cp38-cp38-macosx_10_14_x86_64.whl", hash = "sha256:a214ba5a21dad71a43c0f5aef917cd56a2d70bc974d845be211c66b6742a471c"},
    {file = "ujson-4.0.2-cp38-cp38-manylinux1_i686.whl", hash = "sha256:0190d26c0e990c17ad072ec8593647218fe1c675d11089cd3d1440175b568967"},
    {file = "ujson-4.0.2-cp38-cp38-manylinux1_x86_64.whl", hash = "sha256:f273a875c0b42c2a019c337631bc1907f6fdfbc84210cc0d1fff0e2019bbfaec"},
    {file = "ujson-4.0.2-cp38-cp38-manylinux2014_aarch64.whl", hash = "sha256:d3a87888c40b5bfcf69b4030427cd666893e826e82cc8608d1ba8b4b5e04ea99"},
    {file = "ujson-4.0.2-cp38-cp38-win_amd64.whl", hash = "sha256:7333e8bc45ea28c74ae26157eacaed5e5629dbada32e0103c23eb368f93af108"},
    {file = "ujson-4.0.2-cp39-cp39-macosx_10_14_x86_64.whl", hash = "sha256:b3a6dcc660220539aa718bcc9dbd6dedf2a01d19c875d1033f028f212e36d6bb"},
    {file = "ujson-4.0.2-cp39-cp39-manylinux1_i686.whl", hash = "sha256:0ea07fe57f9157118ca689e7f6db72759395b99121c0ff038d2e38649c626fb1"},
    {file = "ujson-4.0.2-cp39-cp39-manylinux1_x86_64.whl", hash = "sha256:4d6d061563470cac889c0a9fd367013a5dbd8efc36ad01ab3e67a57e56cad720"},
    {file = "ujson-4.0.2-cp39-cp39-manylinux2014_aarch64.whl", hash = "sha256:b5c70704962cf93ec6ea3271a47d952b75ae1980d6c56b8496cec2a722075939"},
    {file = "ujson-4.0.2-cp39-cp39-win_amd64.whl", hash = "sha256:aad6d92f4d71e37ea70e966500f1951ecd065edca3a70d3861b37b176dd6702c"},
    {file = "ujson-4.0.2.tar.gz", hash = "sha256:c615a9e9e378a7383b756b7e7a73c38b22aeb8967a8bfbffd4741f7ffd043c4d"},
]
win32-setctime = [
    {file = "win32_setctime-1.0.3-py3-none-any.whl", hash = "sha256:dc925662de0a6eb987f0b01f599c01a8236cb8c62831c22d9cada09ad958243e"},
    {file = "win32_setctime-1.0.3.tar.gz", hash = "sha256:4e88556c32fdf47f64165a2180ba4552f8bb32c1103a2fafd05723a0bd42bd4b"},
]
